// !$*UTF8*$!
{
	archiveVersion = 1;
	classes = {
	};
	objectVersion = 56;
	objects = {

/* Begin PBXBuildFile section */
		317805932DF2EEDA00587AF0 /* WeatherViewModel.swift in Sources */ = {isa = PBXBuildFile; fileRef = 3186BE2A2DB6ECC700DE9815 /* WeatherViewModel.swift */; };
		317805942DF2EEDE00587AF0 /* WeatherManager.swift in Sources */ = {isa = PBXBuildFile; fileRef = 319BE2452B9A777E005C4BBE /* WeatherManager.swift */; };
		317805952DF2EEE200587AF0 /* WeatherModel.swift in Sources */ = {isa = PBXBuildFile; fileRef = 319BE2492B9BC15C005C4BBE /* WeatherModel.swift */; };
		317805972DF2EFA200587AF0 /* WeatherModelTests.swift in Sources */ = {isa = PBXBuildFile; fileRef = 317805962DF2EFA200587AF0 /* WeatherModelTests.swift */; };
		317805992DF2F03700587AF0 /* WeatherViewModelTests.swift in Sources */ = {isa = PBXBuildFile; fileRef = 317805982DF2F03700587AF0 /* WeatherViewModelTests.swift */; };
		3178059B2DF2F08800587AF0 /* WeatherManagerTests.swift in Sources */ = {isa = PBXBuildFile; fileRef = 3178059A2DF2F08800587AF0 /* WeatherManagerTests.swift */; };
		3186BE2B2DB6ECC700DE9815 /* WeatherViewModel.swift in Sources */ = {isa = PBXBuildFile; fileRef = 3186BE2A2DB6ECC700DE9815 /* WeatherViewModel.swift */; };
		319BE2282B98FCEC005C4BBE /* AppDelegate.swift in Sources */ = {isa = PBXBuildFile; fileRef = 319BE2272B98FCEC005C4BBE /* AppDelegate.swift */; };
		319BE22A2B98FCEC005C4BBE /* SceneDelegate.swift in Sources */ = {isa = PBXBuildFile; fileRef = 319BE2292B98FCEC005C4BBE /* SceneDelegate.swift */; };
		319BE22C2B98FCEC005C4BBE /* WeatherViewController.swift in Sources */ = {isa = PBXBuildFile; fileRef = 319BE22B2B98FCEC005C4BBE /* WeatherViewController.swift */; };
		319BE22F2B98FCEC005C4BBE /* Main.storyboard in Resources */ = {isa = PBXBuildFile; fileRef = 319BE22D2B98FCEC005C4BBE /* Main.storyboard */; };
		319BE2312B98FCEF005C4BBE /* Assets.xcassets in Resources */ = {isa = PBXBuildFile; fileRef = 319BE2302B98FCEF005C4BBE /* Assets.xcassets */; };
		319BE2342B98FCEF005C4BBE /* LaunchScreen.storyboard in Resources */ = {isa = PBXBuildFile; fileRef = 319BE2322B98FCEF005C4BBE /* LaunchScreen.storyboard */; };
		319BE2462B9A777E005C4BBE /* WeatherManager.swift in Sources */ = {isa = PBXBuildFile; fileRef = 319BE2452B9A777E005C4BBE /* WeatherManager.swift */; };
		319BE2482B9BAD9F005C4BBE /* WeatheData.swift in Sources */ = {isa = PBXBuildFile; fileRef = 319BE2472B9BAD9F005C4BBE /* WeatheData.swift */; };
		319BE24A2B9BC15C005C4BBE /* WeatherModel.swift in Sources */ = {isa = PBXBuildFile; fileRef = 319BE2492B9BC15C005C4BBE /* WeatherModel.swift */; };
/* End PBXBuildFile section */

/* Begin PBXContainerItemProxy section */
		3178058E2DF2EEB700587AF0 /* PBXContainerItemProxy */ = {
			isa = PBXContainerItemProxy;
			containerPortal = 319BE21C2B98FCEC005C4BBE /* Project object */;
			proxyType = 1;
			remoteGlobalIDString = 319BE2232B98FCEC005C4BBE;
			remoteInfo = MyWeatherApp;
		};
/* End PBXContainerItemProxy section */

/* Begin PBXFileReference section */
		3178058A2DF2EEB700587AF0 /* MyWeatherAppTests.xctest */ = {isa = PBXFileReference; explicitFileType = wrapper.cfbundle; includeInIndex = 0; path = MyWeatherAppTests.xctest; sourceTree = BUILT_PRODUCTS_DIR; };
		317805962DF2EFA200587AF0 /* WeatherModelTests.swift */ = {isa = PBXFileReference; lastKnownFileType = sourcecode.swift; path = WeatherModelTests.swift; sourceTree = "<group>"; };
		317805982DF2F03700587AF0 /* WeatherViewModelTests.swift */ = {isa = PBXFileReference; lastKnownFileType = sourcecode.swift; path = WeatherViewModelTests.swift; sourceTree = "<group>"; };
		3178059A2DF2F08800587AF0 /* WeatherManagerTests.swift */ = {isa = PBXFileReference; lastKnownFileType = sourcecode.swift; path = WeatherManagerTests.swift; sourceTree = "<group>"; };
		3186BE2A2DB6ECC700DE9815 /* WeatherViewModel.swift */ = {isa = PBXFileReference; lastKnownFileType = sourcecode.swift; path = WeatherViewModel.swift; sourceTree = "<group>"; };
		319BE2242B98FCEC005C4BBE /* MyWeatherApp.app */ = {isa = PBXFileReference; explicitFileType = wrapper.application; includeInIndex = 0; path = MyWeatherApp.app; sourceTree = BUILT_PRODUCTS_DIR; };
		319BE2272B98FCEC005C4BBE /* AppDelegate.swift */ = {isa = PBXFileReference; lastKnownFileType = sourcecode.swift; path = AppDelegate.swift; sourceTree = "<group>"; };
		319BE2292B98FCEC005C4BBE /* SceneDelegate.swift */ = {isa = PBXFileReference; lastKnownFileType = sourcecode.swift; path = SceneDelegate.swift; sourceTree = "<group>"; };
		319BE22B2B98FCEC005C4BBE /* WeatherViewController.swift */ = {isa = PBXFileReference; lastKnownFileType = sourcecode.swift; path = WeatherViewController.swift; sourceTree = "<group>"; };
		319BE22E2B98FCEC005C4BBE /* Base */ = {isa = PBXFileReference; lastKnownFileType = file.storyboard; name = Base; path = Base.lproj/Main.storyboard; sourceTree = "<group>"; };
		319BE2302B98FCEF005C4BBE /* Assets.xcassets */ = {isa = PBXFileReference; lastKnownFileType = folder.assetcatalog; path = Assets.xcassets; sourceTree = "<group>"; };
		319BE2332B98FCEF005C4BBE /* Base */ = {isa = PBXFileReference; lastKnownFileType = file.storyboard; name = Base; path = Base.lproj/LaunchScreen.storyboard; sourceTree = "<group>"; };
		319BE2352B98FCEF005C4BBE /* Info.plist */ = {isa = PBXFileReference; lastKnownFileType = text.plist.xml; path = Info.plist; sourceTree = "<group>"; };
		319BE2452B9A777E005C4BBE /* WeatherManager.swift */ = {isa = PBXFileReference; lastKnownFileType = sourcecode.swift; path = WeatherManager.swift; sourceTree = "<group>"; };
		319BE2472B9BAD9F005C4BBE /* WeatheData.swift */ = {isa = PBXFileReference; lastKnownFileType = sourcecode.swift; path = WeatheData.swift; sourceTree = "<group>"; };
		319BE2492B9BC15C005C4BBE /* WeatherModel.swift */ = {isa = PBXFileReference; lastKnownFileType = sourcecode.swift; path = WeatherModel.swift; sourceTree = "<group>"; };
/* End PBXFileReference section */

/* Begin PBXFrameworksBuildPhase section */
		317805872DF2EEB700587AF0 /* Frameworks */ = {
			isa = PBXFrameworksBuildPhase;
			buildActionMask = 2147483647;
			files = (
			);
			runOnlyForDeploymentPostprocessing = 0;
		};
		319BE2212B98FCEC005C4BBE /* Frameworks */ = {
			isa = PBXFrameworksBuildPhase;
			buildActionMask = 2147483647;
			files = (
			);
			runOnlyForDeploymentPostprocessing = 0;
		};
/* End PBXFrameworksBuildPhase section */

/* Begin PBXGroup section */
		3178058B2DF2EEB700587AF0 /* MyWeatherAppTests */ = {
			isa = PBXGroup;
			children = (
				317805962DF2EFA200587AF0 /* WeatherModelTests.swift */,
				317805982DF2F03700587AF0 /* WeatherViewModelTests.swift */,
				3178059A2DF2F08800587AF0 /* WeatherManagerTests.swift */,
			);
			path = MyWeatherAppTests;
			sourceTree = "<group>";
		};
		3186BE292DB6EC9600DE9815 /* ViewModel */ = {
			isa = PBXGroup;
			children = (
				3186BE2A2DB6ECC700DE9815 /* WeatherViewModel.swift */,
			);
			path = ViewModel;
			sourceTree = "<group>";
		};
		319BE21B2B98FCEC005C4BBE = {
			isa = PBXGroup;
			children = (
				319BE2262B98FCEC005C4BBE /* MyWeatherApp */,
				3178058B2DF2EEB700587AF0 /* MyWeatherAppTests */,
				319BE2252B98FCEC005C4BBE /* Products */,
			);
			sourceTree = "<group>";
		};
		319BE2252B98FCEC005C4BBE /* Products */ = {
			isa = PBXGroup;
			children = (
				319BE2242B98FCEC005C4BBE /* MyWeatherApp.app */,
				3178058A2DF2EEB700587AF0 /* MyWeatherAppTests.xctest */,
			);
			name = Products;
			sourceTree = "<group>";
		};
		319BE2262B98FCEC005C4BBE /* MyWeatherApp */ = {
			isa = PBXGroup;
			children = (
				319BE2272B98FCEC005C4BBE /* AppDelegate.swift */,
				319BE2292B98FCEC005C4BBE /* SceneDelegate.swift */,
				3186BE292DB6EC9600DE9815 /* ViewModel */,
				319BE2402B99003F005C4BBE /* Models */,
				319BE23E2B990026005C4BBE /* Controllers */,
				319BE23F2B990034005C4BBE /* Views */,
				319BE2302B98FCEF005C4BBE /* Assets.xcassets */,
				319BE2352B98FCEF005C4BBE /* Info.plist */,
			);
			path = MyWeatherApp;
			sourceTree = "<group>";
		};
		319BE23E2B990026005C4BBE /* Controllers */ = {
			isa = PBXGroup;
			children = (
				319BE22B2B98FCEC005C4BBE /* WeatherViewController.swift */,
			);
			path = Controllers;
			sourceTree = "<group>";
		};
		319BE23F2B990034005C4BBE /* Views */ = {
			isa = PBXGroup;
			children = (
				319BE22D2B98FCEC005C4BBE /* Main.storyboard */,
				319BE2322B98FCEF005C4BBE /* LaunchScreen.storyboard */,
			);
			path = Views;
			sourceTree = "<group>";
		};
		319BE2402B99003F005C4BBE /* Models */ = {
			isa = PBXGroup;
			children = (
				319BE2452B9A777E005C4BBE /* WeatherManager.swift */,
				319BE2492B9BC15C005C4BBE /* WeatherModel.swift */,
				319BE2472B9BAD9F005C4BBE /* WeatheData.swift */,
			);
			path = Models;
			sourceTree = "<group>";
		};
/* End PBXGroup section */

/* Begin PBXNativeTarget section */
		317805892DF2EEB700587AF0 /* MyWeatherAppTests */ = {
			isa = PBXNativeTarget;
			buildConfigurationList = 317805922DF2EEB700587AF0 /* Build configuration list for PBXNativeTarget "MyWeatherAppTests" */;
			buildPhases = (
				317805862DF2EEB700587AF0 /* Sources */,
				317805872DF2EEB700587AF0 /* Frameworks */,
				317805882DF2EEB700587AF0 /* Resources */,
			);
			buildRules = (
			);
			dependencies = (
				3178058F2DF2EEB700587AF0 /* PBXTargetDependency */,
			);
			name = MyWeatherAppTests;
			productName = MyWeatherAppTests;
			productReference = 3178058A2DF2EEB700587AF0 /* MyWeatherAppTests.xctest */;
			productType = "com.apple.product-type.bundle.unit-test";
		};
		319BE2232B98FCEC005C4BBE /* MyWeatherApp */ = {
			isa = PBXNativeTarget;
			buildConfigurationList = 319BE2382B98FCEF005C4BBE /* Build configuration list for PBXNativeTarget "MyWeatherApp" */;
			buildPhases = (
				319BE2202B98FCEC005C4BBE /* Sources */,
				319BE2212B98FCEC005C4BBE /* Frameworks */,
				319BE2222B98FCEC005C4BBE /* Resources */,
			);
			buildRules = (
			);
			dependencies = (
			);
			name = MyWeatherApp;
			productName = MyWeatherApp;
			productReference = 319BE2242B98FCEC005C4BBE /* MyWeatherApp.app */;
			productType = "com.apple.product-type.application";
		};
/* End PBXNativeTarget section */

/* Begin PBXProject section */
		319BE21C2B98FCEC005C4BBE /* Project object */ = {
			isa = PBXProject;
			attributes = {
				BuildIndependentTargetsInParallel = 1;
				LastSwiftUpdateCheck = 1520;
				LastUpgradeCheck = 1520;
				TargetAttributes = {
					317805892DF2EEB700587AF0 = {
						CreatedOnToolsVersion = 15.2;
						TestTargetID = 319BE2232B98FCEC005C4BBE;
					};
					319BE2232B98FCEC005C4BBE = {
						CreatedOnToolsVersion = 15.2;
					};
				};
			};
			buildConfigurationList = 319BE21F2B98FCEC005C4BBE /* Build configuration list for PBXProject "MyWeatherApp" */;
			compatibilityVersion = "Xcode 14.0";
			developmentRegion = en;
			hasScannedForEncodings = 0;
			knownRegions = (
				en,
				Base,
			);
			mainGroup = 319BE21B2B98FCEC005C4BBE;
			productRefGroup = 319BE2252B98FCEC005C4BBE /* Products */;
			projectDirPath = "";
			projectRoot = "";
			targets = (
				319BE2232B98FCEC005C4BBE /* MyWeatherApp */,
				317805892DF2EEB700587AF0 /* MyWeatherAppTests */,
			);
		};
/* End PBXProject section */

/* Begin PBXResourcesBuildPhase section */
		317805882DF2EEB700587AF0 /* Resources */ = {
			isa = PBXResourcesBuildPhase;
			buildActionMask = 2147483647;
			files = (
			);
			runOnlyForDeploymentPostprocessing = 0;
		};
		319BE2222B98FCEC005C4BBE /* Resources */ = {
			isa = PBXResourcesBuildPhase;
			buildActionMask = 2147483647;
			files = (
				319BE2342B98FCEF005C4BBE /* LaunchScreen.storyboard in Resources */,
				319BE2312B98FCEF005C4BBE /* Assets.xcassets in Resources */,
				319BE22F2B98FCEC005C4BBE /* Main.storyboard in Resources */,
			);
			runOnlyForDeploymentPostprocessing = 0;
		};
/* End PBXResourcesBuildPhase section */

/* Begin PBXSourcesBuildPhase section */
		317805862DF2EEB700587AF0 /* Sources */ = {
			isa = PBXSourcesBuildPhase;
			buildActionMask = 2147483647;
			files = (
				3178059B2DF2F08800587AF0 /* WeatherManagerTests.swift in Sources */,
				317805942DF2EEDE00587AF0 /* WeatherManager.swift in Sources */,
				317805952DF2EEE200587AF0 /* WeatherModel.swift in Sources */,
				317805932DF2EEDA00587AF0 /* WeatherViewModel.swift in Sources */,
				317805972DF2EFA200587AF0 /* WeatherModelTests.swift in Sources */,
				317805992DF2F03700587AF0 /* WeatherViewModelTests.swift in Sources */,
			);
			runOnlyForDeploymentPostprocessing = 0;
		};
		319BE2202B98FCEC005C4BBE /* Sources */ = {
			isa = PBXSourcesBuildPhase;
			buildActionMask = 2147483647;
			files = (
				319BE2482B9BAD9F005C4BBE /* WeatheData.swift in Sources */,
				319BE22C2B98FCEC005C4BBE /* WeatherViewController.swift in Sources */,
				319BE2282B98FCEC005C4BBE /* AppDelegate.swift in Sources */,
				319BE2462B9A777E005C4BBE /* WeatherManager.swift in Sources */,
				319BE24A2B9BC15C005C4BBE /* WeatherModel.swift in Sources */,
				319BE22A2B98FCEC005C4BBE /* SceneDelegate.swift in Sources */,
				3186BE2B2DB6ECC700DE9815 /* WeatherViewModel.swift in Sources */,
			);
			runOnlyForDeploymentPostprocessing = 0;
		};
/* End PBXSourcesBuildPhase section */

/* Begin PBXTargetDependency section */
		3178058F2DF2EEB700587AF0 /* PBXTargetDependency */ = {
			isa = PBXTargetDependency;
			target = 319BE2232B98FCEC005C4BBE /* MyWeatherApp */;
			targetProxy = 3178058E2DF2EEB700587AF0 /* PBXContainerItemProxy */;
		};
/* End PBXTargetDependency section */

/* Begin PBXVariantGroup section */
		319BE22D2B98FCEC005C4BBE /* Main.storyboard */ = {
			isa = PBXVariantGroup;
			children = (
				319BE22E2B98FCEC005C4BBE /* Base */,
			);
			name = Main.storyboard;
			sourceTree = "<group>";
		};
		319BE2322B98FCEF005C4BBE /* LaunchScreen.storyboard */ = {
			isa = PBXVariantGroup;
			children = (
				319BE2332B98FCEF005C4BBE /* Base */,
			);
			name = LaunchScreen.storyboard;
			sourceTree = "<group>";
		};
/* End PBXVariantGroup section */

/* Begin XCBuildConfiguration section */
		317805902DF2EEB700587AF0 /* Debug */ = {
			isa = XCBuildConfiguration;
			buildSettings = {
				BUNDLE_LOADER = "$(TEST_HOST)";
				CODE_SIGN_STYLE = Automatic;
				CURRENT_PROJECT_VERSION = 1;
				DEVELOPMENT_TEAM = 72WF57A54C;
				GENERATE_INFOPLIST_FILE = YES;
				MARKETING_VERSION = 1.0;
				PRODUCT_BUNDLE_IDENTIFIER = PavelShirokiy.MyWeatherAppTests;
				PRODUCT_NAME = "$(TARGET_NAME)";
				SWIFT_EMIT_LOC_STRINGS = NO;
				SWIFT_VERSION = 5.0;
				TARGETED_DEVICE_FAMILY = "1,2";
				TEST_HOST = "$(BUILT_PRODUCTS_DIR)/MyWeatherApp.app/$(BUNDLE_EXECUTABLE_FOLDER_PATH)/MyWeatherApp";
			};
			name = Debug;
		};
		317805912DF2EEB700587AF0 /* Release */ = {
			isa = XCBuildConfiguration;
			buildSettings = {
				BUNDLE_LOADER = "$(TEST_HOST)";
				CODE_SIGN_STYLE = Automatic;
				CURRENT_PROJECT_VERSION = 1;
				DEVELOPMENT_TEAM = 72WF57A54C;
				GENERATE_INFOPLIST_FILE = YES;
				MARKETING_VERSION = 1.0;
				PRODUCT_BUNDLE_IDENTIFIER = PavelShirokiy.MyWeatherAppTests;
				PRODUCT_NAME = "$(TARGET_NAME)";
				SWIFT_EMIT_LOC_STRINGS = NO;
				SWIFT_VERSION = 5.0;
				TARGETED_DEVICE_FAMILY = "1,2";
				TEST_HOST = "$(BUILT_PRODUCTS_DIR)/MyWeatherApp.app/$(BUNDLE_EXECUTABLE_FOLDER_PATH)/MyWeatherApp";
			};
			name = Release;
		};
		319BE2362B98FCEF005C4BBE /* Debug */ = {
			isa = XCBuildConfiguration;
			buildSettings = {
				ALWAYS_SEARCH_USER_PATHS = NO;
				ASSETCATALOG_COMPILER_GENERATE_SWIFT_ASSET_SYMBOL_EXTENSIONS = YES;
				CLANG_ANALYZER_NONNULL = YES;
				CLANG_ANALYZER_NUMBER_OBJECT_CONVERSION = YES_AGGRESSIVE;
				CLANG_CXX_LANGUAGE_STANDARD = "gnu++20";
				CLANG_ENABLE_MODULES = YES;
				CLANG_ENABLE_OBJC_ARC = YES;
				CLANG_ENABLE_OBJC_WEAK = YES;
				CLANG_WARN_BLOCK_CAPTURE_AUTORELEASING = YES;
				CLANG_WARN_BOOL_CONVERSION = YES;
				CLANG_WARN_COMMA = YES;
				CLANG_WARN_CONSTANT_CONVERSION = YES;
				CLANG_WARN_DEPRECATED_OBJC_IMPLEMENTATIONS = YES;
				CLANG_WARN_DIRECT_OBJC_ISA_USAGE = YES_ERROR;
				CLANG_WARN_DOCUMENTATION_COMMENTS = YES;
				CLANG_WARN_EMPTY_BODY = YES;
				CLANG_WARN_ENUM_CONVERSION = YES;
				CLANG_WARN_INFINITE_RECURSION = YES;
				CLANG_WARN_INT_CONVERSION = YES;
				CLANG_WARN_NON_LITERAL_NULL_CONVERSION = YES;
				CLANG_WARN_OBJC_IMPLICIT_RETAIN_SELF = YES;
				CLANG_WARN_OBJC_LITERAL_CONVERSION = YES;
				CLANG_WARN_OBJC_ROOT_CLASS = YES_ERROR;
				CLANG_WARN_QUOTED_INCLUDE_IN_FRAMEWORK_HEADER = YES;
				CLANG_WARN_RANGE_LOOP_ANALYSIS = YES;
				CLANG_WARN_STRICT_PROTOTYPES = YES;
				CLANG_WARN_SUSPICIOUS_MOVE = YES;
				CLANG_WARN_UNGUARDED_AVAILABILITY = YES_AGGRESSIVE;
				CLANG_WARN_UNREACHABLE_CODE = YES;
				CLANG_WARN__DUPLICATE_METHOD_MATCH = YES;
				COPY_PHASE_STRIP = NO;
				DEBUG_INFORMATION_FORMAT = dwarf;
				ENABLE_STRICT_OBJC_MSGSEND = YES;
				ENABLE_TESTABILITY = YES;
				ENABLE_USER_SCRIPT_SANDBOXING = YES;
				GCC_C_LANGUAGE_STANDARD = gnu17;
				GCC_DYNAMIC_NO_PIC = NO;
				GCC_NO_COMMON_BLOCKS = YES;
				GCC_OPTIMIZATION_LEVEL = 0;
				GCC_PREPROCESSOR_DEFINITIONS = (
					"DEBUG=1",
					"$(inherited)",
				);
				GCC_WARN_64_TO_32_BIT_CONVERSION = YES;
				GCC_WARN_ABOUT_RETURN_TYPE = YES_ERROR;
				GCC_WARN_UNDECLARED_SELECTOR = YES;
				GCC_WARN_UNINITIALIZED_AUTOS = YES_AGGRESSIVE;
				GCC_WARN_UNUSED_FUNCTION = YES;
				GCC_WARN_UNUSED_VARIABLE = YES;
				IPHONEOS_DEPLOYMENT_TARGET = 17.2;
				LOCALIZATION_PREFERS_STRING_CATALOGS = YES;
				MTL_ENABLE_DEBUG_INFO = INCLUDE_SOURCE;
				MTL_FAST_MATH = YES;
				ONLY_ACTIVE_ARCH = YES;
				SDKROOT = iphoneos;
				SWIFT_ACTIVE_COMPILATION_CONDITIONS = "DEBUG $(inherited)";
				SWIFT_OPTIMIZATION_LEVEL = "-Onone";
			};
			name = Debug;
		};
		319BE2372B98FCEF005C4BBE /* Release */ = {
			isa = XCBuildConfiguration;
			buildSettings = {
				ALWAYS_SEARCH_USER_PATHS = NO;
				ASSETCATALOG_COMPILER_GENERATE_SWIFT_ASSET_SYMBOL_EXTENSIONS = YES;
				CLANG_ANALYZER_NONNULL = YES;
				CLANG_ANALYZER_NUMBER_OBJECT_CONVERSION = YES_AGGRESSIVE;
				CLANG_CXX_LANGUAGE_STANDARD = "gnu++20";
				CLANG_ENABLE_MODULES = YES;
				CLANG_ENABLE_OBJC_ARC = YES;
				CLANG_ENABLE_OBJC_WEAK = YES;
				CLANG_WARN_BLOCK_CAPTURE_AUTORELEASING = YES;
				CLANG_WARN_BOOL_CONVERSION = YES;
				CLANG_WARN_COMMA = YES;
				CLANG_WARN_CONSTANT_CONVERSION = YES;
				CLANG_WARN_DEPRECATED_OBJC_IMPLEMENTATIONS = YES;
				CLANG_WARN_DIRECT_OBJC_ISA_USAGE = YES_ERROR;
				CLANG_WARN_DOCUMENTATION_COMMENTS = YES;
				CLANG_WARN_EMPTY_BODY = YES;
				CLANG_WARN_ENUM_CONVERSION = YES;
				CLANG_WARN_INFINITE_RECURSION = YES;
				CLANG_WARN_INT_CONVERSION = YES;
				CLANG_WARN_NON_LITERAL_NULL_CONVERSION = YES;
				CLANG_WARN_OBJC_IMPLICIT_RETAIN_SELF = YES;
				CLANG_WARN_OBJC_LITERAL_CONVERSION = YES;
				CLANG_WARN_OBJC_ROOT_CLASS = YES_ERROR;
				CLANG_WARN_QUOTED_INCLUDE_IN_FRAMEWORK_HEADER = YES;
				CLANG_WARN_RANGE_LOOP_ANALYSIS = YES;
				CLANG_WARN_STRICT_PROTOTYPES = YES;
				CLANG_WARN_SUSPICIOUS_MOVE = YES;
				CLANG_WARN_UNGUARDED_AVAILABILITY = YES_AGGRESSIVE;
				CLANG_WARN_UNREACHABLE_CODE = YES;
				CLANG_WARN__DUPLICATE_METHOD_MATCH = YES;
				COPY_PHASE_STRIP = NO;
				DEBUG_INFORMATION_FORMAT = "dwarf-with-dsym";
				ENABLE_NS_ASSERTIONS = NO;
				ENABLE_STRICT_OBJC_MSGSEND = YES;
				ENABLE_USER_SCRIPT_SANDBOXING = YES;
				GCC_C_LANGUAGE_STANDARD = gnu17;
				GCC_NO_COMMON_BLOCKS = YES;
				GCC_WARN_64_TO_32_BIT_CONVERSION = YES;
				GCC_WARN_ABOUT_RETURN_TYPE = YES_ERROR;
				GCC_WARN_UNDECLARED_SELECTOR = YES;
				GCC_WARN_UNINITIALIZED_AUTOS = YES_AGGRESSIVE;
				GCC_WARN_UNUSED_FUNCTION = YES;
				GCC_WARN_UNUSED_VARIABLE = YES;
				IPHONEOS_DEPLOYMENT_TARGET = 17.2;
				LOCALIZATION_PREFERS_STRING_CATALOGS = YES;
				MTL_ENABLE_DEBUG_INFO = NO;
				MTL_FAST_MATH = YES;
				SDKROOT = iphoneos;
				SWIFT_COMPILATION_MODE = wholemodule;
				VALIDATE_PRODUCT = YES;
			};
			name = Release;
		};
		319BE2392B98FCEF005C4BBE /* Debug */ = {
			isa = XCBuildConfiguration;
			buildSettings = {
				ASSETCATALOG_COMPILER_APPICON_NAME = AppIcon;
				ASSETCATALOG_COMPILER_GLOBAL_ACCENT_COLOR_NAME = AccentColor;
				CODE_SIGN_STYLE = Automatic;
				CURRENT_PROJECT_VERSION = 1;
				DEVELOPMENT_TEAM = 72WF57A54C;
				GENERATE_INFOPLIST_FILE = YES;
				INFOPLIST_FILE = MyWeatherApp/Info.plist;
				INFOPLIST_KEY_UIApplicationSupportsIndirectInputEvents = YES;
				INFOPLIST_KEY_UILaunchStoryboardName = LaunchScreen;
				INFOPLIST_KEY_UIMainStoryboardFile = Main;
				INFOPLIST_KEY_UISupportedInterfaceOrientations_iPad = "UIInterfaceOrientationPortrait UIInterfaceOrientationPortraitUpsideDown UIInterfaceOrientationLandscapeLeft UIInterfaceOrientationLandscapeRight";
				INFOPLIST_KEY_UISupportedInterfaceOrientations_iPhone = "UIInterfaceOrientationPortrait UIInterfaceOrientationLandscapeLeft UIInterfaceOrientationLandscapeRight";
				LD_RUNPATH_SEARCH_PATHS = (
					"$(inherited)",
					"@executable_path/Frameworks",
				);
				MARKETING_VERSION = 1.0;
				PRODUCT_BUNDLE_IDENTIFIER = PavelShirokiy.MyWeatherApp;
				PRODUCT_NAME = "$(TARGET_NAME)";
				SWIFT_EMIT_LOC_STRINGS = YES;
				SWIFT_VERSION = 5.0;
				TARGETED_DEVICE_FAMILY = "1,2";
			};
			name = Debug;
		};
		319BE23A2B98FCEF005C4BBE /* Release */ = {
			isa = XCBuildConfiguration;
			buildSettings = {
				ASSETCATALOG_COMPILER_APPICON_NAME = AppIcon;
				ASSETCATALOG_COMPILER_GLOBAL_ACCENT_COLOR_NAME = AccentColor;
				CODE_SIGN_STYLE = Automatic;
				CURRENT_PROJECT_VERSION = 1;
				DEVELOPMENT_TEAM = 72WF57A54C;
				GENERATE_INFOPLIST_FILE = YES;
				INFOPLIST_FILE = MyWeatherApp/Info.plist;
				INFOPLIST_KEY_UIApplicationSupportsIndirectInputEvents = YES;
				INFOPLIST_KEY_UILaunchStoryboardName = LaunchScreen;
				INFOPLIST_KEY_UIMainStoryboardFile = Main;
				INFOPLIST_KEY_UISupportedInterfaceOrientations_iPad = "UIInterfaceOrientationPortrait UIInterfaceOrientationPortraitUpsideDown UIInterfaceOrientationLandscapeLeft UIInterfaceOrientationLandscapeRight";
				INFOPLIST_KEY_UISupportedInterfaceOrientations_iPhone = "UIInterfaceOrientationPortrait UIInterfaceOrientationLandscapeLeft UIInterfaceOrientationLandscapeRight";
				LD_RUNPATH_SEARCH_PATHS = (
					"$(inherited)",
					"@executable_path/Frameworks",
				);
				MARKETING_VERSION = 1.0;
				PRODUCT_BUNDLE_IDENTIFIER = PavelShirokiy.MyWeatherApp;
				PRODUCT_NAME = "$(TARGET_NAME)";
				SWIFT_EMIT_LOC_STRINGS = YES;
				SWIFT_VERSION = 5.0;
				TARGETED_DEVICE_FAMILY = "1,2";
			};
			name = Release;
		};
/* End XCBuildConfiguration section */

/* Begin XCConfigurationList section */
		317805922DF2EEB700587AF0 /* Build configuration list for PBXNativeTarget "MyWeatherAppTests" */ = {
			isa = XCConfigurationList;
			buildConfigurations = (
				317805902DF2EEB700587AF0 /* Debug */,
				317805912DF2EEB700587AF0 /* Release */,
			);
			defaultConfigurationIsVisible = 0;
			defaultConfigurationName = Release;
		};
		319BE21F2B98FCEC005C4BBE /* Build configuration list for PBXProject "MyWeatherApp" */ = {
			isa = XCConfigurationList;
			buildConfigurations = (
				319BE2362B98FCEF005C4BBE /* Debug */,
				319BE2372B98FCEF005C4BBE /* Release */,
			);
			defaultConfigurationIsVisible = 0;
			defaultConfigurationName = Release;
		};
		319BE2382B98FCEF005C4BBE /* Build configuration list for PBXNativeTarget "MyWeatherApp" */ = {
			isa = XCConfigurationList;
			buildConfigurations = (
				319BE2392B98FCEF005C4BBE /* Debug */,
				319BE23A2B98FCEF005C4BBE /* Release */,
			);
			defaultConfigurationIsVisible = 0;
			defaultConfigurationName = Release;
		};
/* End XCConfigurationList section */
	};
	rootObject = 319BE21C2B98FCEC005C4BBE /* Project object */;
}
